{
  "name": "profile-app",
  "version": "1.0.0",
  "lockfileVersion": 1,
  "requires": true,
  "dependencies": {
    "octopus": {
      "version": "git+https://github.com/PrivateSky/updater.git#b8bbd0e57b78274c3763869aac494d7a29d24761",
      "from": "git+https://github.com/PrivateSky/updater.git"
    }
  }
}
